// !$*UTF8*$!
{
	archiveVersion = 1;
	classes = {
	};
	objectVersion = 50;
	objects = {

/* Begin PBXBuildFile section */
		D566FBDC216291EC0041C894 /* main.cpp in Sources */ = {isa = PBXBuildFile; fileRef = D566FBDB216291EC0041C894 /* main.cpp */; };
		D566FBEA2162937E0041C894 /* OBJObject.cpp in Sources */ = {isa = PBXBuildFile; fileRef = D566FBE42162937E0041C894 /* OBJObject.cpp */; };
		D566FBEB2162937E0041C894 /* Cube.cpp in Sources */ = {isa = PBXBuildFile; fileRef = D566FBE72162937E0041C894 /* Cube.cpp */; };
		D566FBEC2162937E0041C894 /* Window.cpp in Sources */ = {isa = PBXBuildFile; fileRef = D566FBE92162937E0041C894 /* Window.cpp */; };
		D566FBEF216295130041C894 /* OpenGL.framework in Frameworks */ = {isa = PBXBuildFile; fileRef = D566FBEE216295130041C894 /* OpenGL.framework */; };
		D566FBF1216295650041C894 /* libglfw.3.2.dylib in Frameworks */ = {isa = PBXBuildFile; fileRef = D566FBF0216295650041C894 /* libglfw.3.2.dylib */; };
/* End PBXBuildFile section */

/* Begin PBXCopyFilesBuildPhase section */
		D566FBD6216291EC0041C894 /* CopyFiles */ = {
			isa = PBXCopyFilesBuildPhase;
			buildActionMask = 2147483647;
			dstPath = /usr/share/man/man1/;
			dstSubfolderSpec = 0;
			files = (
			);
			runOnlyForDeploymentPostprocessing = 1;
		};
/* End PBXCopyFilesBuildPhase section */

/* Begin PBXFileReference section */
		D566FBD8216291EC0041C894 /* CSE 167 */ = {isa = PBXFileReference; explicitFileType = "compiled.mach-o.executable"; includeInIndex = 0; path = "CSE 167"; sourceTree = BUILT_PRODUCTS_DIR; };
		D566FBDB216291EC0041C894 /* main.cpp */ = {isa = PBXFileReference; lastKnownFileType = sourcecode.cpp.cpp; path = main.cpp; sourceTree = "<group>"; };
		D566FBE32162937E0041C894 /* Cube.h */ = {isa = PBXFileReference; fileEncoding = 4; lastKnownFileType = sourcecode.c.h; path = Cube.h; sourceTree = "<group>"; };
		D566FBE42162937E0041C894 /* OBJObject.cpp */ = {isa = PBXFileReference; fileEncoding = 4; lastKnownFileType = sourcecode.cpp.cpp; path = OBJObject.cpp; sourceTree = "<group>"; };
		D566FBE52162937E0041C894 /* Window.h */ = {isa = PBXFileReference; fileEncoding = 4; lastKnownFileType = sourcecode.c.h; path = Window.h; sourceTree = "<group>"; };
		D566FBE62162937E0041C894 /* main.h */ = {isa = PBXFileReference; fileEncoding = 4; lastKnownFileType = sourcecode.c.h; path = main.h; sourceTree = "<group>"; };
		D566FBE72162937E0041C894 /* Cube.cpp */ = {isa = PBXFileReference; fileEncoding = 4; lastKnownFileType = sourcecode.cpp.cpp; path = Cube.cpp; sourceTree = "<group>"; };
		D566FBE82162937E0041C894 /* OBJObject.h */ = {isa = PBXFileReference; fileEncoding = 4; lastKnownFileType = sourcecode.c.h; path = OBJObject.h; sourceTree = "<group>"; };
		D566FBE92162937E0041C894 /* Window.cpp */ = {isa = PBXFileReference; fileEncoding = 4; lastKnownFileType = sourcecode.cpp.cpp; path = Window.cpp; sourceTree = "<group>"; };
		D566FBEE216295130041C894 /* OpenGL.framework */ = {isa = PBXFileReference; lastKnownFileType = wrapper.framework; name = OpenGL.framework; path = System/Library/Frameworks/OpenGL.framework; sourceTree = SDKROOT; };
		D566FBF0216295650041C894 /* libglfw.3.2.dylib */ = {isa = PBXFileReference; lastKnownFileType = "compiled.mach-o.dylib"; name = libglfw.3.2.dylib; path = "../../../../Developer/glfw-3.2.1/src/libglfw.3.2.dylib"; sourceTree = "<group>"; };
		D566FBF22162DBE70041C894 /* bear.obj */ = {isa = PBXFileReference; fileEncoding = 4; lastKnownFileType = text; name = bear.obj; path = "../../CSE167StarterCode-master/GLFWStarterProject/bear.obj"; sourceTree = "<group>"; };
		D566FBF32162DBE80041C894 /* bunny.obj */ = {isa = PBXFileReference; fileEncoding = 4; lastKnownFileType = text; name = bunny.obj; path = "../../CSE167StarterCode-master/GLFWStarterProject/bunny.obj"; sourceTree = "<group>"; };
		D566FBF42162DBE80041C894 /* dragon.obj */ = {isa = PBXFileReference; fileEncoding = 4; lastKnownFileType = text; name = dragon.obj; path = "../../CSE167StarterCode-master/GLFWStarterProject/dragon.obj"; sourceTree = "<group>"; };
/* End PBXFileReference section */

/* Begin PBXFrameworksBuildPhase section */
		D566FBD5216291EC0041C894 /* Frameworks */ = {
			isa = PBXFrameworksBuildPhase;
			buildActionMask = 2147483647;
			files = (
				D566FBF1216295650041C894 /* libglfw.3.2.dylib in Frameworks */,
				D566FBEF216295130041C894 /* OpenGL.framework in Frameworks */,
			);
			runOnlyForDeploymentPostprocessing = 0;
		};
/* End PBXFrameworksBuildPhase section */

/* Begin PBXGroup section */
		D566FBCF216291EC0041C894 = {
			isa = PBXGroup;
			children = (
				D566FBDA216291EC0041C894 /* CSE 167 */,
				D566FBD9216291EC0041C894 /* Products */,
				D566FBED216295130041C894 /* Frameworks */,
			);
			sourceTree = "<group>";
		};
		D566FBD9216291EC0041C894 /* Products */ = {
			isa = PBXGroup;
			children = (
				D566FBD8216291EC0041C894 /* CSE 167 */,
			);
			name = Products;
			sourceTree = "<group>";
		};
		D566FBDA216291EC0041C894 /* CSE 167 */ = {
			isa = PBXGroup;
			children = (
				D566FBF22162DBE70041C894 /* bear.obj */,
				D566FBF32162DBE80041C894 /* bunny.obj */,
				D566FBF42162DBE80041C894 /* dragon.obj */,
				D566FBE72162937E0041C894 /* Cube.cpp */,
				D566FBE32162937E0041C894 /* Cube.h */,
				D566FBE62162937E0041C894 /* main.h */,
				D566FBE42162937E0041C894 /* OBJObject.cpp */,
				D566FBE82162937E0041C894 /* OBJObject.h */,
				D566FBE92162937E0041C894 /* Window.cpp */,
				D566FBE52162937E0041C894 /* Window.h */,
				D566FBDB216291EC0041C894 /* main.cpp */,
			);
			path = "CSE 167";
			sourceTree = "<group>";
		};
		D566FBED216295130041C894 /* Frameworks */ = {
			isa = PBXGroup;
			children = (
				D566FBF0216295650041C894 /* libglfw.3.2.dylib */,
				D566FBEE216295130041C894 /* OpenGL.framework */,
			);
			name = Frameworks;
			sourceTree = "<group>";
		};
/* End PBXGroup section */

/* Begin PBXNativeTarget section */
		D566FBD7216291EC0041C894 /* CSE 167 */ = {
			isa = PBXNativeTarget;
			buildConfigurationList = D566FBDF216291EC0041C894 /* Build configuration list for PBXNativeTarget "CSE 167" */;
			buildPhases = (
				D566FBD4216291EC0041C894 /* Sources */,
				D566FBD5216291EC0041C894 /* Frameworks */,
				D566FBD6216291EC0041C894 /* CopyFiles */,
			);
			buildRules = (
			);
			dependencies = (
			);
			name = "CSE 167";
			productName = "CSE 167";
			productReference = D566FBD8216291EC0041C894 /* CSE 167 */;
			productType = "com.apple.product-type.tool";
		};
/* End PBXNativeTarget section */

/* Begin PBXProject section */
		D566FBD0216291EC0041C894 /* Project object */ = {
			isa = PBXProject;
			attributes = {
				LastUpgradeCheck = 0930;
				TargetAttributes = {
					D566FBD7216291EC0041C894 = {
						CreatedOnToolsVersion = 9.3;
					};
				};
			};
			buildConfigurationList = D566FBD3216291EC0041C894 /* Build configuration list for PBXProject "CSE 167" */;
			compatibilityVersion = "Xcode 9.3";
			developmentRegion = en;
			hasScannedForEncodings = 0;
			knownRegions = (
				en,
			);
			mainGroup = D566FBCF216291EC0041C894;
			productRefGroup = D566FBD9216291EC0041C894 /* Products */;
			projectDirPath = "";
			projectRoot = "";
			targets = (
				D566FBD7216291EC0041C894 /* CSE 167 */,
			);
		};
/* End PBXProject section */

/* Begin PBXSourcesBuildPhase section */
		D566FBD4216291EC0041C894 /* Sources */ = {
			isa = PBXSourcesBuildPhase;
			buildActionMask = 2147483647;
			files = (
				D566FBEB2162937E0041C894 /* Cube.cpp in Sources */,
				D566FBEA2162937E0041C894 /* OBJObject.cpp in Sources */,
				D566FBDC216291EC0041C894 /* main.cpp in Sources */,
				D566FBEC2162937E0041C894 /* Window.cpp in Sources */,
			);
			runOnlyForDeploymentPostprocessing = 0;
		};
/* End PBXSourcesBuildPhase section */

/* Begin XCBuildConfiguration section */
		D566FBDD216291EC0041C894 /* Debug */ = {
			isa = XCBuildConfiguration;
			buildSettings = {
				ALWAYS_SEARCH_USER_PATHS = NO;
				CLANG_ANALYZER_NONNULL = YES;
				CLANG_ANALYZER_NUMBER_OBJECT_CONVERSION = YES_AGGRESSIVE;
				CLANG_CXX_LANGUAGE_STANDARD = "gnu++14";
				CLANG_CXX_LIBRARY = "libc++";
				CLANG_ENABLE_MODULES = YES;
				CLANG_ENABLE_OBJC_ARC = YES;
				CLANG_ENABLE_OBJC_WEAK = YES;
				CLANG_WARN_BLOCK_CAPTURE_AUTORELEASING = YES;
				CLANG_WARN_BOOL_CONVERSION = YES;
				CLANG_WARN_COMMA = YES;
				CLANG_WARN_CONSTANT_CONVERSION = YES;
				CLANG_WARN_DEPRECATED_OBJC_IMPLEMENTATIONS = YES;
				CLANG_WARN_DIRECT_OBJC_ISA_USAGE = YES_ERROR;
				CLANG_WARN_DOCUMENTATION_COMMENTS = YES;
				CLANG_WARN_EMPTY_BODY = YES;
				CLANG_WARN_ENUM_CONVERSION = YES;
				CLANG_WARN_INFINITE_RECURSION = YES;
				CLANG_WARN_INT_CONVERSION = YES;
				CLANG_WARN_NON_LITERAL_NULL_CONVERSION = YES;
				CLANG_WARN_OBJC_IMPLICIT_RETAIN_SELF = YES;
				CLANG_WARN_OBJC_LITERAL_CONVERSION = YES;
				CLANG_WARN_OBJC_ROOT_CLASS = YES_ERROR;
				CLANG_WARN_RANGE_LOOP_ANALYSIS = YES;
				CLANG_WARN_STRICT_PROTOTYPES = YES;
				CLANG_WARN_SUSPICIOUS_MOVE = YES;
				CLANG_WARN_UNGUARDED_AVAILABILITY = YES_AGGRESSIVE;
				CLANG_WARN_UNREACHABLE_CODE = YES;
				CLANG_WARN__DUPLICATE_METHOD_MATCH = YES;
				CODE_SIGN_IDENTITY = "-";
				COPY_PHASE_STRIP = NO;
				DEBUG_INFORMATION_FORMAT = dwarf;
				ENABLE_STRICT_OBJC_MSGSEND = YES;
				ENABLE_TESTABILITY = YES;
				GCC_C_LANGUAGE_STANDARD = gnu11;
				GCC_DYNAMIC_NO_PIC = NO;
				GCC_NO_COMMON_BLOCKS = YES;
				GCC_OPTIMIZATION_LEVEL = 0;
				GCC_PREPROCESSOR_DEFINITIONS = (
					"DEBUG=1",
					"$(inherited)",
				);
				GCC_WARN_64_TO_32_BIT_CONVERSION = YES;
				GCC_WARN_ABOUT_RETURN_TYPE = YES_ERROR;
				GCC_WARN_UNDECLARED_SELECTOR = YES;
				GCC_WARN_UNINITIALIZED_AUTOS = YES_AGGRESSIVE;
				GCC_WARN_UNUSED_FUNCTION = YES;
				GCC_WARN_UNUSED_VARIABLE = YES;
				MACOSX_DEPLOYMENT_TARGET = 10.13;
				MTL_ENABLE_DEBUG_INFO = YES;
				ONLY_ACTIVE_ARCH = YES;
				SDKROOT = macosx;
			};
			name = Debug;
		};
		D566FBDE216291EC0041C894 /* Release */ = {
			isa = XCBuildConfiguration;
			buildSettings = {
				ALWAYS_SEARCH_USER_PATHS = NO;
				CLANG_ANALYZER_NONNULL = YES;
				CLANG_ANALYZER_NUMBER_OBJECT_CONVERSION = YES_AGGRESSIVE;
				CLANG_CXX_LANGUAGE_STANDARD = "gnu++14";
				CLANG_CXX_LIBRARY = "libc++";
				CLANG_ENABLE_MODULES = YES;
				CLANG_ENABLE_OBJC_ARC = YES;
				CLANG_ENABLE_OBJC_WEAK = YES;
				CLANG_WARN_BLOCK_CAPTURE_AUTORELEASING = YES;
				CLANG_WARN_BOOL_CONVERSION = YES;
				CLANG_WARN_COMMA = YES;
				CLANG_WARN_CONSTANT_CONVERSION = YES;
				CLANG_WARN_DEPRECATED_OBJC_IMPLEMENTATIONS = YES;
				CLANG_WARN_DIRECT_OBJC_ISA_USAGE = YES_ERROR;
				CLANG_WARN_DOCUMENTATION_COMMENTS = YES;
				CLANG_WARN_EMPTY_BODY = YES;
				CLANG_WARN_ENUM_CONVERSION = YES;
				CLANG_WARN_INFINITE_RECURSION = YES;
				CLANG_WARN_INT_CONVERSION = YES;
				CLANG_WARN_NON_LITERAL_NULL_CONVERSION = YES;
				CLANG_WARN_OBJC_IMPLICIT_RETAIN_SELF = YES;
				CLANG_WARN_OBJC_LITERAL_CONVERSION = YES;
				CLANG_WARN_OBJC_ROOT_CLASS = YES_ERROR;
				CLANG_WARN_RANGE_LOOP_ANALYSIS = YES;
				CLANG_WARN_STRICT_PROTOTYPES = YES;
				CLANG_WARN_SUSPICIOUS_MOVE = YES;
				CLANG_WARN_UNGUARDED_AVAILABILITY = YES_AGGRESSIVE;
				CLANG_WARN_UNREACHABLE_CODE = YES;
				CLANG_WARN__DUPLICATE_METHOD_MATCH = YES;
				CODE_SIGN_IDENTITY = "-";
				COPY_PHASE_STRIP = NO;
				DEBUG_INFORMATION_FORMAT = "dwarf-with-dsym";
				ENABLE_NS_ASSERTIONS = NO;
				ENABLE_STRICT_OBJC_MSGSEND = YES;
				GCC_C_LANGUAGE_STANDARD = gnu11;
				GCC_NO_COMMON_BLOCKS = YES;
				GCC_WARN_64_TO_32_BIT_CONVERSION = YES;
				GCC_WARN_ABOUT_RETURN_TYPE = YES_ERROR;
				GCC_WARN_UNDECLARED_SELECTOR = YES;
				GCC_WARN_UNINITIALIZED_AUTOS = YES_AGGRESSIVE;
				GCC_WARN_UNUSED_FUNCTION = YES;
				GCC_WARN_UNUSED_VARIABLE = YES;
				MACOSX_DEPLOYMENT_TARGET = 10.13;
				MTL_ENABLE_DEBUG_INFO = NO;
				SDKROOT = macosx;
			};
			name = Release;
		};
		D566FBE0216291EC0041C894 /* Debug */ = {
			isa = XCBuildConfiguration;
			buildSettings = {
				CODE_SIGN_STYLE = Automatic;
				HEADER_SEARCH_PATHS = (
					"/Developer/glfw-3.2.1/include",
					/Developer/glm,
				);
				LIBRARY_SEARCH_PATHS = "/Developer/glfw-3.2.1/src";
				PRODUCT_NAME = "$(TARGET_NAME)";
			};
			name = Debug;
		};
		D566FBE1216291EC0041C894 /* Release */ = {
			isa = XCBuildConfiguration;
			buildSettings = {
				CODE_SIGN_STYLE = Automatic;
				HEADER_SEARCH_PATHS = (
					"/Developer/glfw-3.2.1/include",
					/Developer/glm,
				);
				LIBRARY_SEARCH_PATHS = "/Developer/glfw-3.2.1/src";
				PRODUCT_NAME = "$(TARGET_NAME)";
			};
			name = Release;
		};
/* End XCBuildConfiguration section */

/* Begin XCConfigurationList section */
		D566FBD3216291EC0041C894 /* Build configuration list for PBXProject "CSE 167" */ = {
			isa = XCConfigurationList;
			buildConfigurations = (
				D566FBDD216291EC0041C894 /* Debug */,
				D566FBDE216291EC0041C894 /* Release */,
			);
			defaultConfigurationIsVisible = 0;
			defaultConfigurationName = Release;
		};
		D566FBDF216291EC0041C894 /* Build configuration list for PBXNativeTarget "CSE 167" */ = {
			isa = XCConfigurationList;
			buildConfigurations = (
				D566FBE0216291EC0041C894 /* Debug */,
				D566FBE1216291EC0041C894 /* Release */,
			);
			defaultConfigurationIsVisible = 0;
			defaultConfigurationName = Release;
		};
/* End XCConfigurationList section */
	};
	rootObject = D566FBD0216291EC0041C894 /* Project object */;
}
